
Microsoft Visual Studio Solution File, Format Version 12.00
# Visual Studio Version 17
VisualStudioVersion = 17.7.34202.233
MinimumVisualStudioVersion = 10.0.40219.1
Project("{9A19103F-16F7-4668-BE54-9A1E7A4F7556}") = "MagicVilla_VillaAPI", "MagicVilla_VillaAPI\MagicVilla_VillaAPI.csproj", "{EBA06CC1-0441-4509-A71C-C1A2C781E04B}"
EndProject
Project("{9A19103F-16F7-4668-BE54-9A1E7A4F7556}") = "MagicVilla_Web", "MagicVilla_Web\MagicVilla_Web.csproj", "{1F9D8360-6395-4F00-AC7D-49126B6718BD}"
EndProject
Project("{9A19103F-16F7-4668-BE54-9A1E7A4F7556}") = "MagicVilla_Utility", "MagicVilla_Utility\MagicVilla_Utility.csproj", "{5FDD7705-DFE9-4C7F-B66C-CDA4D44D49D7}"
EndProject
Project("{2150E333-8FDC-42A3-9474-1A3956D46DE8}") = "Solution Items", "Solution Items", "{174823D4-EE40-4034-99E9-085B19DCEF72}"
	ProjectSection(SolutionItems) = preProject
		.editorconfig = .editorconfig
	EndProjectSection
EndProject
Global
	GlobalSection(SolutionConfigurationPlatforms) = preSolution
		Debug|Any CPU = Debug|Any CPU
		Release|Any CPU = Release|Any CPU
	EndGlobalSection
	GlobalSection(ProjectConfigurationPlatforms) = postSolution
		{EBA06CC1-0441-4509-A71C-C1A2C781E04B}.Debug|Any CPU.ActiveCfg = Debug|Any CPU
		{EBA06CC1-0441-4509-A71C-C1A2C781E04B}.Debug|Any CPU.Build.0 = Debug|Any CPU
		{EBA06CC1-0441-4509-A71C-C1A2C781E04B}.Release|Any CPU.ActiveCfg = Release|Any CPU
		{EBA06CC1-0441-4509-A71C-C1A2C781E04B}.Release|Any CPU.Build.0 = Release|Any CPU
		{1F9D8360-6395-4F00-AC7D-49126B6718BD}.Debug|Any CPU.ActiveCfg = Debug|Any CPU
		{1F9D8360-6395-4F00-AC7D-49126B6718BD}.Debug|Any CPU.Build.0 = Debug|Any CPU
		{1F9D8360-6395-4F00-AC7D-49126B6718BD}.Release|Any CPU.ActiveCfg = Release|Any CPU
		{1F9D8360-6395-4F00-AC7D-49126B6718BD}.Release|Any CPU.Build.0 = Release|Any CPU
		{5FDD7705-DFE9-4C7F-B66C-CDA4D44D49D7}.Debug|Any CPU.ActiveCfg = Debug|Any CPU
		{5FDD7705-DFE9-4C7F-B66C-CDA4D44D49D7}.Debug|Any CPU.Build.0 = Debug|Any CPU
		{5FDD7705-DFE9-4C7F-B66C-CDA4D44D49D7}.Release|Any CPU.ActiveCfg = Release|Any CPU
		{5FDD7705-DFE9-4C7F-B66C-CDA4D44D49D7}.Release|Any CPU.Build.0 = Release|Any CPU
	EndGlobalSection
	GlobalSection(SolutionProperties) = preSolution
		HideSolutionNode = FALSE
	EndGlobalSection
	GlobalSection(ExtensibilityGlobals) = postSolution
		SolutionGuid = {49A1BA26-AB65-4202-B201-577255526D04}
	EndGlobalSection
EndGlobal
